
Microsoft Visual Studio Solution File, Format Version 12.00
# Visual Studio Version 17
VisualStudioVersion = 17.5.33424.131
MinimumVisualStudioVersion = 10.0.40219.1
Project("{FAE04EC0-301F-11D3-BF4B-00C04F79EFBC}") = "mvc_practice_test", "mvc_practice_test.csproj", "{80FA26BF-FB47-420C-A997-68BEB5C91489}"
EndProject
Global
	GlobalSection(SolutionConfigurationPlatforms) = preSolution
		Debug|Any CPU = Debug|Any CPU
		Release|Any CPU = Release|Any CPU
	EndGlobalSection
	GlobalSection(ProjectConfigurationPlatforms) = postSolution
		{80FA26BF-FB47-420C-A997-68BEB5C91489}.Debug|Any CPU.ActiveCfg = Debug|Any CPU
		{80FA26BF-FB47-420C-A997-68BEB5C91489}.Debug|Any CPU.Build.0 = Debug|Any CPU
		{80FA26BF-FB47-420C-A997-68BEB5C91489}.Release|Any CPU.ActiveCfg = Release|Any CPU
		{80FA26BF-FB47-420C-A997-68BEB5C91489}.Release|Any CPU.Build.0 = Release|Any CPU
	EndGlobalSection
	GlobalSection(SolutionProperties) = preSolution
		HideSolutionNode = FALSE
	EndGlobalSection
	GlobalSection(ExtensibilityGlobals) = postSolution
		SolutionGuid = {B69D6610-7E4B-4A77-B093-3E8AE9780267}
	EndGlobalSection
EndGlobal
